
Microsoft Visual Studio Solution File, Format Version 12.00
# Visual Studio Version 17
VisualStudioVersion = 17.8.34309.116
MinimumVisualStudioVersion = 10.0.40219.1
Project("{FAE04EC0-301F-11D3-BF4B-00C04F79EFBC}") = "FullCiCdDemo", "FullCiCdDemo\FullCiCdDemo.csproj", "{93CDEBE4-D8DE-4FC0-BCFA-7734803F8C55}"
EndProject
Project("{FAE04EC0-301F-11D3-BF4B-00C04F79EFBC}") = "FullCiCdDemo.Tests", "FullCiCdDemo.Tests\FullCiCdDemo.Tests.csproj", "{97B82FB4-601D-4028-9475-FF14413F2FD3}"
EndProject
Global
	GlobalSection(SolutionConfigurationPlatforms) = preSolution
		Debug|Any CPU = Debug|Any CPU
		Release|Any CPU = Release|Any CPU
	EndGlobalSection
	GlobalSection(ProjectConfigurationPlatforms) = postSolution
		{93CDEBE4-D8DE-4FC0-BCFA-7734803F8C55}.Debug|Any CPU.ActiveCfg = Debug|Any CPU
		{93CDEBE4-D8DE-4FC0-BCFA-7734803F8C55}.Debug|Any CPU.Build.0 = Debug|Any CPU
		{93CDEBE4-D8DE-4FC0-BCFA-7734803F8C55}.Release|Any CPU.ActiveCfg = Release|Any CPU
		{93CDEBE4-D8DE-4FC0-BCFA-7734803F8C55}.Release|Any CPU.Build.0 = Release|Any CPU
		{97B82FB4-601D-4028-9475-FF14413F2FD3}.Debug|Any CPU.ActiveCfg = Debug|Any CPU
		{97B82FB4-601D-4028-9475-FF14413F2FD3}.Debug|Any CPU.Build.0 = Debug|Any CPU
		{97B82FB4-601D-4028-9475-FF14413F2FD3}.Release|Any CPU.ActiveCfg = Release|Any CPU
		{97B82FB4-601D-4028-9475-FF14413F2FD3}.Release|Any CPU.Build.0 = Release|Any CPU
	EndGlobalSection
	GlobalSection(SolutionProperties) = preSolution
		HideSolutionNode = FALSE
	EndGlobalSection
	GlobalSection(ExtensibilityGlobals) = postSolution
		SolutionGuid = {4B48767D-43F3-4F98-8AD3-C363AB433734}
	EndGlobalSection
EndGlobal
